// !$*UTF8*$!
{
	archiveVersion = 1;
	classes = {
	};
	objectVersion = 51;
	objects = {

/* Begin PBXBuildFile section */
		7980A336E4812734FE2494F2 /* Pods_musicPlayer.framework in Frameworks */ = {isa = PBXBuildFile; fileRef = FBF2F918EEAA52671E868C03 /* Pods_musicPlayer.framework */; };
		F1B7313F24C4C17D00F3FE6B /* AppDelegate.swift in Sources */ = {isa = PBXBuildFile; fileRef = F1B7313E24C4C17D00F3FE6B /* AppDelegate.swift */; };
		F1B7314124C4C17D00F3FE6B /* SceneDelegate.swift in Sources */ = {isa = PBXBuildFile; fileRef = F1B7314024C4C17D00F3FE6B /* SceneDelegate.swift */; };
		F1B7314624C4C17D00F3FE6B /* Main.storyboard in Resources */ = {isa = PBXBuildFile; fileRef = F1B7314424C4C17D00F3FE6B /* Main.storyboard */; };
		F1B7314824C4C17F00F3FE6B /* Assets.xcassets in Resources */ = {isa = PBXBuildFile; fileRef = F1B7314724C4C17F00F3FE6B /* Assets.xcassets */; };
		F1B7314B24C4C17F00F3FE6B /* LaunchScreen.storyboard in Resources */ = {isa = PBXBuildFile; fileRef = F1B7314924C4C17F00F3FE6B /* LaunchScreen.storyboard */; };
		F1B7315424C4CE8900F3FE6B /* SearchTableViewController.swift in Sources */ = {isa = PBXBuildFile; fileRef = F1B7315324C4CE8900F3FE6B /* SearchTableViewController.swift */; };
		F1B7315824C4D4C900F3FE6B /* ITunesResult.swift in Sources */ = {isa = PBXBuildFile; fileRef = F1B7315724C4D4C900F3FE6B /* ITunesResult.swift */; };
		F1B7315A24C4D8BE00F3FE6B /* Api.swift in Sources */ = {isa = PBXBuildFile; fileRef = F1B7315924C4D8BE00F3FE6B /* Api.swift */; };
		F1B7315C24C4D90700F3FE6B /* ITunesApi.swift in Sources */ = {isa = PBXBuildFile; fileRef = F1B7315B24C4D90700F3FE6B /* ITunesApi.swift */; };
		F1B7315E24C4DD3E00F3FE6B /* ApiManager.swift in Sources */ = {isa = PBXBuildFile; fileRef = F1B7315D24C4DD3E00F3FE6B /* ApiManager.swift */; };
		F1B7316024C4DDB000F3FE6B /* ITunesApiManager.swift in Sources */ = {isa = PBXBuildFile; fileRef = F1B7315F24C4DDB000F3FE6B /* ITunesApiManager.swift */; };
		F1B7316224C4DEB100F3FE6B /* ApiResponseDecoder.swift in Sources */ = {isa = PBXBuildFile; fileRef = F1B7316124C4DEB100F3FE6B /* ApiResponseDecoder.swift */; };
		F1B7316424C4DED800F3FE6B /* JsonApiResponseDecoder.swift in Sources */ = {isa = PBXBuildFile; fileRef = F1B7316324C4DED800F3FE6B /* JsonApiResponseDecoder.swift */; };
		F1B7316624C4F55400F3FE6B /* AlertCreator.swift in Sources */ = {isa = PBXBuildFile; fileRef = F1B7316524C4F55400F3FE6B /* AlertCreator.swift */; };
		F1B7316924C5687800F3FE6B /* MusicPlayerViewController.swift in Sources */ = {isa = PBXBuildFile; fileRef = F1B7316824C5687800F3FE6B /* MusicPlayerViewController.swift */; };
		F1B7316C24C56CBE00F3FE6B /* MusicPlayerPresenter.swift in Sources */ = {isa = PBXBuildFile; fileRef = F1B7316B24C56CBE00F3FE6B /* MusicPlayerPresenter.swift */; };
/* End PBXBuildFile section */

/* Begin PBXFileReference section */
		30A7454EF72740E6ED906E18 /* Pods-musicPlayer.debug.xcconfig */ = {isa = PBXFileReference; includeInIndex = 1; lastKnownFileType = text.xcconfig; name = "Pods-musicPlayer.debug.xcconfig"; path = "Target Support Files/Pods-musicPlayer/Pods-musicPlayer.debug.xcconfig"; sourceTree = "<group>"; };
		3CE7929C605511F496EE4245 /* Pods-musicPlayer.release.xcconfig */ = {isa = PBXFileReference; includeInIndex = 1; lastKnownFileType = text.xcconfig; name = "Pods-musicPlayer.release.xcconfig"; path = "Target Support Files/Pods-musicPlayer/Pods-musicPlayer.release.xcconfig"; sourceTree = "<group>"; };
		F1B7313B24C4C17D00F3FE6B /* musicPlayer.app */ = {isa = PBXFileReference; explicitFileType = wrapper.application; includeInIndex = 0; path = musicPlayer.app; sourceTree = BUILT_PRODUCTS_DIR; };
		F1B7313E24C4C17D00F3FE6B /* AppDelegate.swift */ = {isa = PBXFileReference; lastKnownFileType = sourcecode.swift; path = AppDelegate.swift; sourceTree = "<group>"; };
		F1B7314024C4C17D00F3FE6B /* SceneDelegate.swift */ = {isa = PBXFileReference; lastKnownFileType = sourcecode.swift; path = SceneDelegate.swift; sourceTree = "<group>"; };
		F1B7314524C4C17D00F3FE6B /* Base */ = {isa = PBXFileReference; lastKnownFileType = file.storyboard; name = Base; path = Base.lproj/Main.storyboard; sourceTree = "<group>"; };
		F1B7314724C4C17F00F3FE6B /* Assets.xcassets */ = {isa = PBXFileReference; lastKnownFileType = folder.assetcatalog; path = Assets.xcassets; sourceTree = "<group>"; };
		F1B7314A24C4C17F00F3FE6B /* Base */ = {isa = PBXFileReference; lastKnownFileType = file.storyboard; name = Base; path = Base.lproj/LaunchScreen.storyboard; sourceTree = "<group>"; };
		F1B7314C24C4C17F00F3FE6B /* Info.plist */ = {isa = PBXFileReference; lastKnownFileType = text.plist.xml; path = Info.plist; sourceTree = "<group>"; };
		F1B7315324C4CE8900F3FE6B /* SearchTableViewController.swift */ = {isa = PBXFileReference; lastKnownFileType = sourcecode.swift; path = SearchTableViewController.swift; sourceTree = "<group>"; };
		F1B7315724C4D4C900F3FE6B /* ITunesResult.swift */ = {isa = PBXFileReference; lastKnownFileType = sourcecode.swift; path = ITunesResult.swift; sourceTree = "<group>"; };
		F1B7315924C4D8BE00F3FE6B /* Api.swift */ = {isa = PBXFileReference; lastKnownFileType = sourcecode.swift; path = Api.swift; sourceTree = "<group>"; };
		F1B7315B24C4D90700F3FE6B /* ITunesApi.swift */ = {isa = PBXFileReference; lastKnownFileType = sourcecode.swift; path = ITunesApi.swift; sourceTree = "<group>"; };
		F1B7315D24C4DD3E00F3FE6B /* ApiManager.swift */ = {isa = PBXFileReference; lastKnownFileType = sourcecode.swift; path = ApiManager.swift; sourceTree = "<group>"; };
		F1B7315F24C4DDB000F3FE6B /* ITunesApiManager.swift */ = {isa = PBXFileReference; lastKnownFileType = sourcecode.swift; path = ITunesApiManager.swift; sourceTree = "<group>"; };
		F1B7316124C4DEB100F3FE6B /* ApiResponseDecoder.swift */ = {isa = PBXFileReference; lastKnownFileType = sourcecode.swift; path = ApiResponseDecoder.swift; sourceTree = "<group>"; };
		F1B7316324C4DED800F3FE6B /* JsonApiResponseDecoder.swift */ = {isa = PBXFileReference; lastKnownFileType = sourcecode.swift; path = JsonApiResponseDecoder.swift; sourceTree = "<group>"; };
		F1B7316524C4F55400F3FE6B /* AlertCreator.swift */ = {isa = PBXFileReference; lastKnownFileType = sourcecode.swift; path = AlertCreator.swift; sourceTree = "<group>"; };
		F1B7316824C5687800F3FE6B /* MusicPlayerViewController.swift */ = {isa = PBXFileReference; lastKnownFileType = sourcecode.swift; path = MusicPlayerViewController.swift; sourceTree = "<group>"; };
		F1B7316B24C56CBE00F3FE6B /* MusicPlayerPresenter.swift */ = {isa = PBXFileReference; lastKnownFileType = sourcecode.swift; path = MusicPlayerPresenter.swift; sourceTree = "<group>"; };
		FBF2F918EEAA52671E868C03 /* Pods_musicPlayer.framework */ = {isa = PBXFileReference; explicitFileType = wrapper.framework; includeInIndex = 0; path = Pods_musicPlayer.framework; sourceTree = BUILT_PRODUCTS_DIR; };
/* End PBXFileReference section */

/* Begin PBXFrameworksBuildPhase section */
		F1B7313824C4C17D00F3FE6B /* Frameworks */ = {
			isa = PBXFrameworksBuildPhase;
			buildActionMask = 2147483647;
			files = (
				7980A336E4812734FE2494F2 /* Pods_musicPlayer.framework in Frameworks */,
			);
			runOnlyForDeploymentPostprocessing = 0;
		};
/* End PBXFrameworksBuildPhase section */

/* Begin PBXGroup section */
		CD30E656E8720F9AE37F7671 /* Frameworks */ = {
			isa = PBXGroup;
			children = (
				FBF2F918EEAA52671E868C03 /* Pods_musicPlayer.framework */,
			);
			name = Frameworks;
			sourceTree = "<group>";
		};
		F1B7313224C4C17D00F3FE6B = {
			isa = PBXGroup;
			children = (
				F1B7313D24C4C17D00F3FE6B /* musicPlayer */,
				F1B7313C24C4C17D00F3FE6B /* Products */,
				FAE3507256AFEE513BC4C4BC /* Pods */,
				CD30E656E8720F9AE37F7671 /* Frameworks */,
			);
			sourceTree = "<group>";
		};
		F1B7313C24C4C17D00F3FE6B /* Products */ = {
			isa = PBXGroup;
			children = (
				F1B7313B24C4C17D00F3FE6B /* musicPlayer.app */,
			);
			name = Products;
			sourceTree = "<group>";
		};
		F1B7313D24C4C17D00F3FE6B /* musicPlayer */ = {
			isa = PBXGroup;
			children = (
				F1B7315524C4D44300F3FE6B /* api */,
				F1B7315224C4CE5F00F3FE6B /* controllers */,
				F1B7316A24C56C6B00F3FE6B /* presenters */,
				F1B7316724C5683F00F3FE6B /* views */,
				F1B7313E24C4C17D00F3FE6B /* AppDelegate.swift */,
				F1B7314024C4C17D00F3FE6B /* SceneDelegate.swift */,
				F1B7314424C4C17D00F3FE6B /* Main.storyboard */,
				F1B7314724C4C17F00F3FE6B /* Assets.xcassets */,
				F1B7314924C4C17F00F3FE6B /* LaunchScreen.storyboard */,
				F1B7314C24C4C17F00F3FE6B /* Info.plist */,
				F1B7316524C4F55400F3FE6B /* AlertCreator.swift */,
			);
			path = musicPlayer;
			sourceTree = "<group>";
		};
		F1B7315224C4CE5F00F3FE6B /* controllers */ = {
			isa = PBXGroup;
			children = (
				F1B7315324C4CE8900F3FE6B /* SearchTableViewController.swift */,
			);
			path = controllers;
			sourceTree = "<group>";
		};
		F1B7315524C4D44300F3FE6B /* api */ = {
			isa = PBXGroup;
			children = (
				F1B7315624C4D4A100F3FE6B /* models */,
				F1B7315924C4D8BE00F3FE6B /* Api.swift */,
				F1B7315B24C4D90700F3FE6B /* ITunesApi.swift */,
				F1B7315D24C4DD3E00F3FE6B /* ApiManager.swift */,
				F1B7315F24C4DDB000F3FE6B /* ITunesApiManager.swift */,
				F1B7316124C4DEB100F3FE6B /* ApiResponseDecoder.swift */,
				F1B7316324C4DED800F3FE6B /* JsonApiResponseDecoder.swift */,
			);
			path = api;
			sourceTree = "<group>";
		};
		F1B7315624C4D4A100F3FE6B /* models */ = {
			isa = PBXGroup;
			children = (
				F1B7315724C4D4C900F3FE6B /* ITunesResult.swift */,
			);
			path = models;
			sourceTree = "<group>";
		};
		F1B7316724C5683F00F3FE6B /* views */ = {
			isa = PBXGroup;
			children = (
				F1B7316824C5687800F3FE6B /* MusicPlayerViewController.swift */,
			);
			path = views;
			sourceTree = "<group>";
		};
		F1B7316A24C56C6B00F3FE6B /* presenters */ = {
			isa = PBXGroup;
			children = (
				F1B7316B24C56CBE00F3FE6B /* MusicPlayerPresenter.swift */,
			);
			path = presenters;
			sourceTree = "<group>";
		};
		FAE3507256AFEE513BC4C4BC /* Pods */ = {
			isa = PBXGroup;
			children = (
				30A7454EF72740E6ED906E18 /* Pods-musicPlayer.debug.xcconfig */,
				3CE7929C605511F496EE4245 /* Pods-musicPlayer.release.xcconfig */,
			);
			path = Pods;
			sourceTree = "<group>";
		};
/* End PBXGroup section */

/* Begin PBXNativeTarget section */
		F1B7313A24C4C17D00F3FE6B /* musicPlayer */ = {
			isa = PBXNativeTarget;
			buildConfigurationList = F1B7314F24C4C17F00F3FE6B /* Build configuration list for PBXNativeTarget "musicPlayer" */;
			buildPhases = (
				7AC58E5BC540F63027032CA0 /* [CP] Check Pods Manifest.lock */,
				F1B7313724C4C17D00F3FE6B /* Sources */,
				F1B7313824C4C17D00F3FE6B /* Frameworks */,
				F1B7313924C4C17D00F3FE6B /* Resources */,
				87BCE4657C3E2DCEB81B740A /* [CP] Embed Pods Frameworks */,
			);
			buildRules = (
			);
			dependencies = (
			);
			name = musicPlayer;
			productName = musicPlayer;
			productReference = F1B7313B24C4C17D00F3FE6B /* musicPlayer.app */;
			productType = "com.apple.product-type.application";
		};
/* End PBXNativeTarget section */

/* Begin PBXProject section */
		F1B7313324C4C17D00F3FE6B /* Project object */ = {
			isa = PBXProject;
			attributes = {
				LastSwiftUpdateCheck = 1150;
				LastUpgradeCheck = 1150;
				ORGANIZATIONNAME = Exsertin;
				TargetAttributes = {
					F1B7313A24C4C17D00F3FE6B = {
						CreatedOnToolsVersion = 11.5;
					};
				};
			};
			buildConfigurationList = F1B7313624C4C17D00F3FE6B /* Build configuration list for PBXProject "musicPlayer" */;
			compatibilityVersion = "Xcode 9.3";
			developmentRegion = en;
			hasScannedForEncodings = 0;
			knownRegions = (
				en,
				Base,
			);
			mainGroup = F1B7313224C4C17D00F3FE6B;
			productRefGroup = F1B7313C24C4C17D00F3FE6B /* Products */;
			projectDirPath = "";
			projectRoot = "";
			targets = (
				F1B7313A24C4C17D00F3FE6B /* musicPlayer */,
			);
		};
/* End PBXProject section */

/* Begin PBXResourcesBuildPhase section */
		F1B7313924C4C17D00F3FE6B /* Resources */ = {
			isa = PBXResourcesBuildPhase;
			buildActionMask = 2147483647;
			files = (
				F1B7314B24C4C17F00F3FE6B /* LaunchScreen.storyboard in Resources */,
				F1B7314824C4C17F00F3FE6B /* Assets.xcassets in Resources */,
				F1B7314624C4C17D00F3FE6B /* Main.storyboard in Resources */,
			);
			runOnlyForDeploymentPostprocessing = 0;
		};
/* End PBXResourcesBuildPhase section */

/* Begin PBXShellScriptBuildPhase section */
		7AC58E5BC540F63027032CA0 /* [CP] Check Pods Manifest.lock */ = {
			isa = PBXShellScriptBuildPhase;
			buildActionMask = 2147483647;
			files = (
			);
			inputFileListPaths = (
			);
			inputPaths = (
				"${PODS_PODFILE_DIR_PATH}/Podfile.lock",
				"${PODS_ROOT}/Manifest.lock",
			);
			name = "[CP] Check Pods Manifest.lock";
			outputFileListPaths = (
			);
			outputPaths = (
				"$(DERIVED_FILE_DIR)/Pods-musicPlayer-checkManifestLockResult.txt",
			);
			runOnlyForDeploymentPostprocessing = 0;
			shellPath = /bin/sh;
			shellScript = "diff \"${PODS_PODFILE_DIR_PATH}/Podfile.lock\" \"${PODS_ROOT}/Manifest.lock\" > /dev/null\nif [ $? != 0 ] ; then\n    # print error to STDERR\n    echo \"error: The sandbox is not in sync with the Podfile.lock. Run 'pod install' or update your CocoaPods installation.\" >&2\n    exit 1\nfi\n# This output is used by Xcode 'outputs' to avoid re-running this script phase.\necho \"SUCCESS\" > \"${SCRIPT_OUTPUT_FILE_0}\"\n";
			showEnvVarsInLog = 0;
		};
		87BCE4657C3E2DCEB81B740A /* [CP] Embed Pods Frameworks */ = {
			isa = PBXShellScriptBuildPhase;
			buildActionMask = 2147483647;
			files = (
			);
			inputFileListPaths = (
				"${PODS_ROOT}/Target Support Files/Pods-musicPlayer/Pods-musicPlayer-frameworks-${CONFIGURATION}-input-files.xcfilelist",
			);
			name = "[CP] Embed Pods Frameworks";
			outputFileListPaths = (
				"${PODS_ROOT}/Target Support Files/Pods-musicPlayer/Pods-musicPlayer-frameworks-${CONFIGURATION}-output-files.xcfilelist",
			);
			runOnlyForDeploymentPostprocessing = 0;
			shellPath = /bin/sh;
			shellScript = "\"${PODS_ROOT}/Target Support Files/Pods-musicPlayer/Pods-musicPlayer-frameworks.sh\"\n";
			showEnvVarsInLog = 0;
		};
/* End PBXShellScriptBuildPhase section */

/* Begin PBXSourcesBuildPhase section */
		F1B7313724C4C17D00F3FE6B /* Sources */ = {
			isa = PBXSourcesBuildPhase;
			buildActionMask = 2147483647;
			files = (
				F1B7315C24C4D90700F3FE6B /* ITunesApi.swift in Sources */,
				F1B7316224C4DEB100F3FE6B /* ApiResponseDecoder.swift in Sources */,
				F1B7316424C4DED800F3FE6B /* JsonApiResponseDecoder.swift in Sources */,
				F1B7315824C4D4C900F3FE6B /* ITunesResult.swift in Sources */,
				F1B7313F24C4C17D00F3FE6B /* AppDelegate.swift in Sources */,
				F1B7315E24C4DD3E00F3FE6B /* ApiManager.swift in Sources */,
				F1B7316C24C56CBE00F3FE6B /* MusicPlayerPresenter.swift in Sources */,
				F1B7316624C4F55400F3FE6B /* AlertCreator.swift in Sources */,
				F1B7316924C5687800F3FE6B /* MusicPlayerViewController.swift in Sources */,
				F1B7315424C4CE8900F3FE6B /* SearchTableViewController.swift in Sources */,
				F1B7315A24C4D8BE00F3FE6B /* Api.swift in Sources */,
				F1B7316024C4DDB000F3FE6B /* ITunesApiManager.swift in Sources */,
				F1B7314124C4C17D00F3FE6B /* SceneDelegate.swift in Sources */,
			);
			runOnlyForDeploymentPostprocessing = 0;
		};
/* End PBXSourcesBuildPhase section */

/* Begin PBXVariantGroup section */
		F1B7314424C4C17D00F3FE6B /* Main.storyboard */ = {
			isa = PBXVariantGroup;
			children = (
				F1B7314524C4C17D00F3FE6B /* Base */,
			);
			name = Main.storyboard;
			sourceTree = "<group>";
		};
		F1B7314924C4C17F00F3FE6B /* LaunchScreen.storyboard */ = {
			isa = PBXVariantGroup;
			children = (
				F1B7314A24C4C17F00F3FE6B /* Base */,
			);
			name = LaunchScreen.storyboard;
			sourceTree = "<group>";
		};
/* End PBXVariantGroup section */

/* Begin XCBuildConfiguration section */
		F1B7314D24C4C17F00F3FE6B /* Debug */ = {
			isa = XCBuildConfiguration;
			buildSettings = {
				ALWAYS_SEARCH_USER_PATHS = NO;
				CLANG_ANALYZER_NONNULL = YES;
				CLANG_ANALYZER_NUMBER_OBJECT_CONVERSION = YES_AGGRESSIVE;
				CLANG_CXX_LANGUAGE_STANDARD = "gnu++14";
				CLANG_CXX_LIBRARY = "libc++";
				CLANG_ENABLE_MODULES = YES;
				CLANG_ENABLE_OBJC_ARC = YES;
				CLANG_ENABLE_OBJC_WEAK = YES;
				CLANG_WARN_BLOCK_CAPTURE_AUTORELEASING = YES;
				CLANG_WARN_BOOL_CONVERSION = YES;
				CLANG_WARN_COMMA = YES;
				CLANG_WARN_CONSTANT_CONVERSION = YES;
				CLANG_WARN_DEPRECATED_OBJC_IMPLEMENTATIONS = YES;
				CLANG_WARN_DIRECT_OBJC_ISA_USAGE = YES_ERROR;
				CLANG_WARN_DOCUMENTATION_COMMENTS = YES;
				CLANG_WARN_EMPTY_BODY = YES;
				CLANG_WARN_ENUM_CONVERSION = YES;
				CLANG_WARN_INFINITE_RECURSION = YES;
				CLANG_WARN_INT_CONVERSION = YES;
				CLANG_WARN_NON_LITERAL_NULL_CONVERSION = YES;
				CLANG_WARN_OBJC_IMPLICIT_RETAIN_SELF = YES;
				CLANG_WARN_OBJC_LITERAL_CONVERSION = YES;
				CLANG_WARN_OBJC_ROOT_CLASS = YES_ERROR;
				CLANG_WARN_RANGE_LOOP_ANALYSIS = YES;
				CLANG_WARN_STRICT_PROTOTYPES = YES;
				CLANG_WARN_SUSPICIOUS_MOVE = YES;
				CLANG_WARN_UNGUARDED_AVAILABILITY = YES_AGGRESSIVE;
				CLANG_WARN_UNREACHABLE_CODE = YES;
				CLANG_WARN__DUPLICATE_METHOD_MATCH = YES;
				COPY_PHASE_STRIP = NO;
				DEBUG_INFORMATION_FORMAT = dwarf;
				ENABLE_STRICT_OBJC_MSGSEND = YES;
				ENABLE_TESTABILITY = YES;
				GCC_C_LANGUAGE_STANDARD = gnu11;
				GCC_DYNAMIC_NO_PIC = NO;
				GCC_NO_COMMON_BLOCKS = YES;
				GCC_OPTIMIZATION_LEVEL = 0;
				GCC_PREPROCESSOR_DEFINITIONS = (
					"DEBUG=1",
					"$(inherited)",
				);
				GCC_WARN_64_TO_32_BIT_CONVERSION = YES;
				GCC_WARN_ABOUT_RETURN_TYPE = YES_ERROR;
				GCC_WARN_UNDECLARED_SELECTOR = YES;
				GCC_WARN_UNINITIALIZED_AUTOS = YES_AGGRESSIVE;
				GCC_WARN_UNUSED_FUNCTION = YES;
				GCC_WARN_UNUSED_VARIABLE = YES;
				IPHONEOS_DEPLOYMENT_TARGET = 8.0;
				MTL_ENABLE_DEBUG_INFO = INCLUDE_SOURCE;
				MTL_FAST_MATH = YES;
				ONLY_ACTIVE_ARCH = YES;
				SDKROOT = iphoneos;
				SWIFT_ACTIVE_COMPILATION_CONDITIONS = DEBUG;
				SWIFT_OPTIMIZATION_LEVEL = "-Onone";
			};
			name = Debug;
		};
		F1B7314E24C4C17F00F3FE6B /* Release */ = {
			isa = XCBuildConfiguration;
			buildSettings = {
				ALWAYS_SEARCH_USER_PATHS = NO;
				CLANG_ANALYZER_NONNULL = YES;
				CLANG_ANALYZER_NUMBER_OBJECT_CONVERSION = YES_AGGRESSIVE;
				CLANG_CXX_LANGUAGE_STANDARD = "gnu++14";
				CLANG_CXX_LIBRARY = "libc++";
				CLANG_ENABLE_MODULES = YES;
				CLANG_ENABLE_OBJC_ARC = YES;
				CLANG_ENABLE_OBJC_WEAK = YES;
				CLANG_WARN_BLOCK_CAPTURE_AUTORELEASING = YES;
				CLANG_WARN_BOOL_CONVERSION = YES;
				CLANG_WARN_COMMA = YES;
				CLANG_WARN_CONSTANT_CONVERSION = YES;
				CLANG_WARN_DEPRECATED_OBJC_IMPLEMENTATIONS = YES;
				CLANG_WARN_DIRECT_OBJC_ISA_USAGE = YES_ERROR;
				CLANG_WARN_DOCUMENTATION_COMMENTS = YES;
				CLANG_WARN_EMPTY_BODY = YES;
				CLANG_WARN_ENUM_CONVERSION = YES;
				CLANG_WARN_INFINITE_RECURSION = YES;
				CLANG_WARN_INT_CONVERSION = YES;
				CLANG_WARN_NON_LITERAL_NULL_CONVERSION = YES;
				CLANG_WARN_OBJC_IMPLICIT_RETAIN_SELF = YES;
				CLANG_WARN_OBJC_LITERAL_CONVERSION = YES;
				CLANG_WARN_OBJC_ROOT_CLASS = YES_ERROR;
				CLANG_WARN_RANGE_LOOP_ANALYSIS = YES;
				CLANG_WARN_STRICT_PROTOTYPES = YES;
				CLANG_WARN_SUSPICIOUS_MOVE = YES;
				CLANG_WARN_UNGUARDED_AVAILABILITY = YES_AGGRESSIVE;
				CLANG_WARN_UNREACHABLE_CODE = YES;
				CLANG_WARN__DUPLICATE_METHOD_MATCH = YES;
				COPY_PHASE_STRIP = NO;
				DEBUG_INFORMATION_FORMAT = "dwarf-with-dsym";
				ENABLE_NS_ASSERTIONS = NO;
				ENABLE_STRICT_OBJC_MSGSEND = YES;
				GCC_C_LANGUAGE_STANDARD = gnu11;
				GCC_NO_COMMON_BLOCKS = YES;
				GCC_WARN_64_TO_32_BIT_CONVERSION = YES;
				GCC_WARN_ABOUT_RETURN_TYPE = YES_ERROR;
				GCC_WARN_UNDECLARED_SELECTOR = YES;
				GCC_WARN_UNINITIALIZED_AUTOS = YES_AGGRESSIVE;
				GCC_WARN_UNUSED_FUNCTION = YES;
				GCC_WARN_UNUSED_VARIABLE = YES;
				IPHONEOS_DEPLOYMENT_TARGET = 8.0;
				MTL_ENABLE_DEBUG_INFO = NO;
				MTL_FAST_MATH = YES;
				SDKROOT = iphoneos;
				SWIFT_COMPILATION_MODE = wholemodule;
				SWIFT_OPTIMIZATION_LEVEL = "-O";
				VALIDATE_PRODUCT = YES;
			};
			name = Release;
		};
		F1B7315024C4C17F00F3FE6B /* Debug */ = {
			isa = XCBuildConfiguration;
			baseConfigurationReference = 30A7454EF72740E6ED906E18 /* Pods-musicPlayer.debug.xcconfig */;
			buildSettings = {
				ASSETCATALOG_COMPILER_APPICON_NAME = AppIcon;
				CODE_SIGN_STYLE = Automatic;
				INFOPLIST_FILE = musicPlayer/Info.plist;
				IPHONEOS_DEPLOYMENT_TARGET = 8.0;
				LD_RUNPATH_SEARCH_PATHS = (
					"$(inherited)",
					"@executable_path/Frameworks",
				);
				PRODUCT_BUNDLE_IDENTIFIER = Exsertin.musicPlayer;
				PRODUCT_NAME = "$(TARGET_NAME)";
				SWIFT_VERSION = 5.0;
				TARGETED_DEVICE_FAMILY = 1;
			};
			name = Debug;
		};
		F1B7315124C4C17F00F3FE6B /* Release */ = {
			isa = XCBuildConfiguration;
			baseConfigurationReference = 3CE7929C605511F496EE4245 /* Pods-musicPlayer.release.xcconfig */;
			buildSettings = {
				ASSETCATALOG_COMPILER_APPICON_NAME = AppIcon;
				CODE_SIGN_STYLE = Automatic;
				INFOPLIST_FILE = musicPlayer/Info.plist;
				IPHONEOS_DEPLOYMENT_TARGET = 8.0;
				LD_RUNPATH_SEARCH_PATHS = (
					"$(inherited)",
					"@executable_path/Frameworks",
				);
				PRODUCT_BUNDLE_IDENTIFIER = Exsertin.musicPlayer;
				PRODUCT_NAME = "$(TARGET_NAME)";
				SWIFT_VERSION = 5.0;
				TARGETED_DEVICE_FAMILY = 1;
			};
			name = Release;
		};
/* End XCBuildConfiguration section */

/* Begin XCConfigurationList section */
		F1B7313624C4C17D00F3FE6B /* Build configuration list for PBXProject "musicPlayer" */ = {
			isa = XCConfigurationList;
			buildConfigurations = (
				F1B7314D24C4C17F00F3FE6B /* Debug */,
				F1B7314E24C4C17F00F3FE6B /* Release */,
			);
			defaultConfigurationIsVisible = 0;
			defaultConfigurationName = Release;
		};
		F1B7314F24C4C17F00F3FE6B /* Build configuration list for PBXNativeTarget "musicPlayer" */ = {
			isa = XCConfigurationList;
			buildConfigurations = (
				F1B7315024C4C17F00F3FE6B /* Debug */,
				F1B7315124C4C17F00F3FE6B /* Release */,
			);
			defaultConfigurationIsVisible = 0;
			defaultConfigurationName = Release;
		};
/* End XCConfigurationList section */
	};
	rootObject = F1B7313324C4C17D00F3FE6B /* Project object */;
}
